
Microsoft Visual Studio Solution File, Format Version 12.00
# Visual Studio Version 17
VisualStudioVersion = 17.1.32319.34
MinimumVisualStudioVersion = 10.0.40219.1
Project("{FAE04EC0-301F-11D3-BF4B-00C04F79EFBC}") = "QcLabeler", "QcLabeler.csproj", "{F943876A-1F6E-4473-90CE-3B616F9609D2}"
EndProject
Global
	GlobalSection(SolutionConfigurationPlatforms) = preSolution
		Debug|Any CPU = Debug|Any CPU
		Release|Any CPU = Release|Any CPU
	EndGlobalSection
	GlobalSection(ProjectConfigurationPlatforms) = postSolution
		{F943876A-1F6E-4473-90CE-3B616F9609D2}.Debug|Any CPU.ActiveCfg = Debug|Any CPU
		{F943876A-1F6E-4473-90CE-3B616F9609D2}.Debug|Any CPU.Build.0 = Debug|Any CPU
		{F943876A-1F6E-4473-90CE-3B616F9609D2}.Release|Any CPU.ActiveCfg = Release|Any CPU
		{F943876A-1F6E-4473-90CE-3B616F9609D2}.Release|Any CPU.Build.0 = Release|Any CPU
	EndGlobalSection
	GlobalSection(SolutionProperties) = preSolution
		HideSolutionNode = FALSE
	EndGlobalSection
	GlobalSection(ExtensibilityGlobals) = postSolution
		SolutionGuid = {28F6555E-C2D4-4645-A5AF-EC8C7AF1984A}
	EndGlobalSection
EndGlobal
